// !$*UTF8*$!
{
	archiveVersion = 1;
	classes = {
	};
	objectVersion = 46;
	objects = {

/* Begin PBXBuildFile section */
		501217041965921E002EFB5C /* Foundation.framework in Frameworks */ = {isa = PBXBuildFile; fileRef = 501217031965921E002EFB5C /* Foundation.framework */; };
		501217061965921E002EFB5C /* CoreGraphics.framework in Frameworks */ = {isa = PBXBuildFile; fileRef = 501217051965921E002EFB5C /* CoreGraphics.framework */; };
		501217081965921E002EFB5C /* UIKit.framework in Frameworks */ = {isa = PBXBuildFile; fileRef = 501217071965921E002EFB5C /* UIKit.framework */; };
		5012170E1965921E002EFB5C /* InfoPlist.strings in Resources */ = {isa = PBXBuildFile; fileRef = 5012170C1965921E002EFB5C /* InfoPlist.strings */; };
		501217101965921E002EFB5C /* main.m in Sources */ = {isa = PBXBuildFile; fileRef = 5012170F1965921E002EFB5C /* main.m */; };
		501217141965921E002EFB5C /* GEAppDelegate.m in Sources */ = {isa = PBXBuildFile; fileRef = 501217131965921E002EFB5C /* GEAppDelegate.m */; };
		5012171D1965921E002EFB5C /* XCTest.framework in Frameworks */ = {isa = PBXBuildFile; fileRef = 5012171C1965921E002EFB5C /* XCTest.framework */; };
		5012171E1965921E002EFB5C /* Foundation.framework in Frameworks */ = {isa = PBXBuildFile; fileRef = 501217031965921E002EFB5C /* Foundation.framework */; };
		5012171F1965921E002EFB5C /* UIKit.framework in Frameworks */ = {isa = PBXBuildFile; fileRef = 501217071965921E002EFB5C /* UIKit.framework */; };
		501217271965921E002EFB5C /* InfoPlist.strings in Resources */ = {isa = PBXBuildFile; fileRef = 501217251965921E002EFB5C /* InfoPlist.strings */; };
		501217291965921E002EFB5C /* SliderTests.m in Sources */ = {isa = PBXBuildFile; fileRef = 501217281965921E002EFB5C /* SliderTests.m */; };
		5012173519659284002EFB5C /* GETestViewController.m in Sources */ = {isa = PBXBuildFile; fileRef = 5012173319659284002EFB5C /* GETestViewController.m */; };
		5012173619659284002EFB5C /* GETestViewController.xib in Resources */ = {isa = PBXBuildFile; fileRef = 5012173419659284002EFB5C /* GETestViewController.xib */; };
		5012173A196597EF002EFB5C /* GESlider.m in Sources */ = {isa = PBXBuildFile; fileRef = 50121739196597EF002EFB5C /* GESlider.m */; };
		5012173F19659AB0002EFB5C /* GERectHelpers.m in Sources */ = {isa = PBXBuildFile; fileRef = 5012173E19659AB0002EFB5C /* GERectHelpers.m */; };
		5095CB22196AE8AB008768DB /* GELabelWithPadding.m in Sources */ = {isa = PBXBuildFile; fileRef = 5095CB21196AE8AB008768DB /* GELabelWithPadding.m */; };
		5095CB29196AF67C008768DB /* GESliderThumbImage@2x.png in Resources */ = {isa = PBXBuildFile; fileRef = 5095CB28196AF67C008768DB /* GESliderThumbImage@2x.png */; };
/* End PBXBuildFile section */

/* Begin PBXContainerItemProxy section */
		501217201965921E002EFB5C /* PBXContainerItemProxy */ = {
			isa = PBXContainerItemProxy;
			containerPortal = 501216F81965921E002EFB5C /* Project object */;
			proxyType = 1;
			remoteGlobalIDString = 501216FF1965921E002EFB5C;
			remoteInfo = Slider;
		};
/* End PBXContainerItemProxy section */

/* Begin PBXFileReference section */
		501217001965921E002EFB5C /* Slider.app */ = {isa = PBXFileReference; explicitFileType = wrapper.application; includeInIndex = 0; path = Slider.app; sourceTree = BUILT_PRODUCTS_DIR; };
		501217031965921E002EFB5C /* Foundation.framework */ = {isa = PBXFileReference; lastKnownFileType = wrapper.framework; name = Foundation.framework; path = System/Library/Frameworks/Foundation.framework; sourceTree = SDKROOT; };
		501217051965921E002EFB5C /* CoreGraphics.framework */ = {isa = PBXFileReference; lastKnownFileType = wrapper.framework; name = CoreGraphics.framework; path = System/Library/Frameworks/CoreGraphics.framework; sourceTree = SDKROOT; };
		501217071965921E002EFB5C /* UIKit.framework */ = {isa = PBXFileReference; lastKnownFileType = wrapper.framework; name = UIKit.framework; path = System/Library/Frameworks/UIKit.framework; sourceTree = SDKROOT; };
		5012170B1965921E002EFB5C /* Slider-Info.plist */ = {isa = PBXFileReference; lastKnownFileType = text.plist.xml; path = "Slider-Info.plist"; sourceTree = "<group>"; };
		5012170D1965921E002EFB5C /* en */ = {isa = PBXFileReference; lastKnownFileType = text.plist.strings; name = en; path = en.lproj/InfoPlist.strings; sourceTree = "<group>"; };
		5012170F1965921E002EFB5C /* main.m */ = {isa = PBXFileReference; lastKnownFileType = sourcecode.c.objc; path = main.m; sourceTree = "<group>"; };
		501217111965921E002EFB5C /* Slider-Prefix.pch */ = {isa = PBXFileReference; lastKnownFileType = sourcecode.c.h; path = "Slider-Prefix.pch"; sourceTree = "<group>"; };
		501217121965921E002EFB5C /* GEAppDelegate.h */ = {isa = PBXFileReference; lastKnownFileType = sourcecode.c.h; path = GEAppDelegate.h; sourceTree = "<group>"; };
		501217131965921E002EFB5C /* GEAppDelegate.m */ = {isa = PBXFileReference; lastKnownFileType = sourcecode.c.objc; path = GEAppDelegate.m; sourceTree = "<group>"; };
		5012171B1965921E002EFB5C /* SliderTests.xctest */ = {isa = PBXFileReference; explicitFileType = wrapper.cfbundle; includeInIndex = 0; path = SliderTests.xctest; sourceTree = BUILT_PRODUCTS_DIR; };
		5012171C1965921E002EFB5C /* XCTest.framework */ = {isa = PBXFileReference; lastKnownFileType = wrapper.framework; name = XCTest.framework; path = Library/Frameworks/XCTest.framework; sourceTree = DEVELOPER_DIR; };
		501217241965921E002EFB5C /* SliderTests-Info.plist */ = {isa = PBXFileReference; lastKnownFileType = text.plist.xml; path = "SliderTests-Info.plist"; sourceTree = "<group>"; };
		501217261965921E002EFB5C /* en */ = {isa = PBXFileReference; lastKnownFileType = text.plist.strings; name = en; path = en.lproj/InfoPlist.strings; sourceTree = "<group>"; };
		501217281965921E002EFB5C /* SliderTests.m */ = {isa = PBXFileReference; lastKnownFileType = sourcecode.c.objc; path = SliderTests.m; sourceTree = "<group>"; };
		5012173219659284002EFB5C /* GETestViewController.h */ = {isa = PBXFileReference; fileEncoding = 4; lastKnownFileType = sourcecode.c.h; path = GETestViewController.h; sourceTree = "<group>"; };
		5012173319659284002EFB5C /* GETestViewController.m */ = {isa = PBXFileReference; fileEncoding = 4; lastKnownFileType = sourcecode.c.objc; path = GETestViewController.m; sourceTree = "<group>"; };
		5012173419659284002EFB5C /* GETestViewController.xib */ = {isa = PBXFileReference; fileEncoding = 4; lastKnownFileType = file.xib; path = GETestViewController.xib; sourceTree = "<group>"; };
		50121738196597EF002EFB5C /* GESlider.h */ = {isa = PBXFileReference; fileEncoding = 4; lastKnownFileType = sourcecode.c.h; path = GESlider.h; sourceTree = "<group>"; };
		50121739196597EF002EFB5C /* GESlider.m */ = {isa = PBXFileReference; fileEncoding = 4; lastKnownFileType = sourcecode.c.objc; path = GESlider.m; sourceTree = "<group>"; };
		5012173D19659AB0002EFB5C /* GERectHelpers.h */ = {isa = PBXFileReference; fileEncoding = 4; lastKnownFileType = sourcecode.c.h; path = GERectHelpers.h; sourceTree = "<group>"; };
		5012173E19659AB0002EFB5C /* GERectHelpers.m */ = {isa = PBXFileReference; fileEncoding = 4; lastKnownFileType = sourcecode.c.objc; path = GERectHelpers.m; sourceTree = "<group>"; };
		5095CB1F196ADDAB008768DB /* GESliderDelegate.h */ = {isa = PBXFileReference; lastKnownFileType = sourcecode.c.h; path = GESliderDelegate.h; sourceTree = "<group>"; };
		5095CB20196AE8AB008768DB /* GELabelWithPadding.h */ = {isa = PBXFileReference; fileEncoding = 4; lastKnownFileType = sourcecode.c.h; path = GELabelWithPadding.h; sourceTree = "<group>"; };
		5095CB21196AE8AB008768DB /* GELabelWithPadding.m */ = {isa = PBXFileReference; fileEncoding = 4; lastKnownFileType = sourcecode.c.objc; path = GELabelWithPadding.m; sourceTree = "<group>"; };
		5095CB28196AF67C008768DB /* GESliderThumbImage@2x.png */ = {isa = PBXFileReference; lastKnownFileType = image.png; path = "GESliderThumbImage@2x.png"; sourceTree = "<group>"; };
/* End PBXFileReference section */

/* Begin PBXFrameworksBuildPhase section */
		501216FD1965921E002EFB5C /* Frameworks */ = {
			isa = PBXFrameworksBuildPhase;
			buildActionMask = 2147483647;
			files = (
				501217061965921E002EFB5C /* CoreGraphics.framework in Frameworks */,
				501217081965921E002EFB5C /* UIKit.framework in Frameworks */,
				501217041965921E002EFB5C /* Foundation.framework in Frameworks */,
			);
			runOnlyForDeploymentPostprocessing = 0;
		};
		501217181965921E002EFB5C /* Frameworks */ = {
			isa = PBXFrameworksBuildPhase;
			buildActionMask = 2147483647;
			files = (
				5012171D1965921E002EFB5C /* XCTest.framework in Frameworks */,
				5012171F1965921E002EFB5C /* UIKit.framework in Frameworks */,
				5012171E1965921E002EFB5C /* Foundation.framework in Frameworks */,
			);
			runOnlyForDeploymentPostprocessing = 0;
		};
/* End PBXFrameworksBuildPhase section */

/* Begin PBXGroup section */
		501216F71965921E002EFB5C = {
			isa = PBXGroup;
			children = (
				501217091965921E002EFB5C /* Slider */,
				501217221965921E002EFB5C /* SliderTests */,
				501217021965921E002EFB5C /* Frameworks */,
				501217011965921E002EFB5C /* Products */,
			);
			sourceTree = "<group>";
		};
		501217011965921E002EFB5C /* Products */ = {
			isa = PBXGroup;
			children = (
				501217001965921E002EFB5C /* Slider.app */,
				5012171B1965921E002EFB5C /* SliderTests.xctest */,
			);
			name = Products;
			sourceTree = "<group>";
		};
		501217021965921E002EFB5C /* Frameworks */ = {
			isa = PBXGroup;
			children = (
				501217031965921E002EFB5C /* Foundation.framework */,
				501217051965921E002EFB5C /* CoreGraphics.framework */,
				501217071965921E002EFB5C /* UIKit.framework */,
				5012171C1965921E002EFB5C /* XCTest.framework */,
			);
			name = Frameworks;
			sourceTree = "<group>";
		};
		501217091965921E002EFB5C /* Slider */ = {
			isa = PBXGroup;
			children = (
				5095CB27196AF658008768DB /* Assets */,
				50121737196597D2002EFB5C /* GESlider */,
				501217121965921E002EFB5C /* GEAppDelegate.h */,
				501217131965921E002EFB5C /* GEAppDelegate.m */,
				5012170A1965921E002EFB5C /* Supporting Files */,
				5012173219659284002EFB5C /* GETestViewController.h */,
				5012173319659284002EFB5C /* GETestViewController.m */,
				5012173419659284002EFB5C /* GETestViewController.xib */,
			);
			path = Slider;
			sourceTree = "<group>";
		};
		5012170A1965921E002EFB5C /* Supporting Files */ = {
			isa = PBXGroup;
			children = (
				5012170B1965921E002EFB5C /* Slider-Info.plist */,
				5012170C1965921E002EFB5C /* InfoPlist.strings */,
				5012170F1965921E002EFB5C /* main.m */,
				501217111965921E002EFB5C /* Slider-Prefix.pch */,
			);
			name = "Supporting Files";
			sourceTree = "<group>";
		};
		501217221965921E002EFB5C /* SliderTests */ = {
			isa = PBXGroup;
			children = (
				501217281965921E002EFB5C /* SliderTests.m */,
				501217231965921E002EFB5C /* Supporting Files */,
			);
			path = SliderTests;
			sourceTree = "<group>";
		};
		501217231965921E002EFB5C /* Supporting Files */ = {
			isa = PBXGroup;
			children = (
				501217241965921E002EFB5C /* SliderTests-Info.plist */,
				501217251965921E002EFB5C /* InfoPlist.strings */,
			);
			name = "Supporting Files";
			sourceTree = "<group>";
		};
		50121737196597D2002EFB5C /* GESlider */ = {
			isa = PBXGroup;
			children = (
				5012173D19659AB0002EFB5C /* GERectHelpers.h */,
				5012173E19659AB0002EFB5C /* GERectHelpers.m */,
				50121738196597EF002EFB5C /* GESlider.h */,
				50121739196597EF002EFB5C /* GESlider.m */,
				5095CB1F196ADDAB008768DB /* GESliderDelegate.h */,
				5095CB20196AE8AB008768DB /* GELabelWithPadding.h */,
				5095CB21196AE8AB008768DB /* GELabelWithPadding.m */,
			);
			path = GESlider;
			sourceTree = "<group>";
		};
		5095CB27196AF658008768DB /* Assets */ = {
			isa = PBXGroup;
			children = (
				5095CB28196AF67C008768DB /* GESliderThumbImage@2x.png */,
			);
			path = Assets;
			sourceTree = "<group>";
		};
/* End PBXGroup section */

/* Begin PBXNativeTarget section */
		501216FF1965921E002EFB5C /* Slider */ = {
			isa = PBXNativeTarget;
			buildConfigurationList = 5012172C1965921E002EFB5C /* Build configuration list for PBXNativeTarget "Slider" */;
			buildPhases = (
				501216FC1965921E002EFB5C /* Sources */,
				501216FD1965921E002EFB5C /* Frameworks */,
				501216FE1965921E002EFB5C /* Resources */,
			);
			buildRules = (
			);
			dependencies = (
			);
			name = Slider;
			productName = Slider;
			productReference = 501217001965921E002EFB5C /* Slider.app */;
			productType = "com.apple.product-type.application";
		};
		5012171A1965921E002EFB5C /* SliderTests */ = {
			isa = PBXNativeTarget;
			buildConfigurationList = 5012172F1965921E002EFB5C /* Build configuration list for PBXNativeTarget "SliderTests" */;
			buildPhases = (
				501217171965921E002EFB5C /* Sources */,
				501217181965921E002EFB5C /* Frameworks */,
				501217191965921E002EFB5C /* Resources */,
			);
			buildRules = (
			);
			dependencies = (
				501217211965921E002EFB5C /* PBXTargetDependency */,
			);
			name = SliderTests;
			productName = SliderTests;
			productReference = 5012171B1965921E002EFB5C /* SliderTests.xctest */;
			productType = "com.apple.product-type.bundle.unit-test";
		};
/* End PBXNativeTarget section */

/* Begin PBXProject section */
		501216F81965921E002EFB5C /* Project object */ = {
			isa = PBXProject;
			attributes = {
				CLASSPREFIX = GE;
				LastUpgradeCheck = 0510;
				ORGANIZATIONNAME = "Max von Webel";
				TargetAttributes = {
					5012171A1965921E002EFB5C = {
						TestTargetID = 501216FF1965921E002EFB5C;
					};
				};
			};
			buildConfigurationList = 501216FB1965921E002EFB5C /* Build configuration list for PBXProject "Slider" */;
			compatibilityVersion = "Xcode 3.2";
			developmentRegion = English;
			hasScannedForEncodings = 0;
			knownRegions = (
				en,
			);
			mainGroup = 501216F71965921E002EFB5C;
			productRefGroup = 501217011965921E002EFB5C /* Products */;
			projectDirPath = "";
			projectRoot = "";
			targets = (
				501216FF1965921E002EFB5C /* Slider */,
				5012171A1965921E002EFB5C /* SliderTests */,
			);
		};
/* End PBXProject section */

/* Begin PBXResourcesBuildPhase section */
		501216FE1965921E002EFB5C /* Resources */ = {
			isa = PBXResourcesBuildPhase;
			buildActionMask = 2147483647;
			files = (
				5012173619659284002EFB5C /* GETestViewController.xib in Resources */,
				5095CB29196AF67C008768DB /* GESliderThumbImage@2x.png in Resources */,
				5012170E1965921E002EFB5C /* InfoPlist.strings in Resources */,
			);
			runOnlyForDeploymentPostprocessing = 0;
		};
		501217191965921E002EFB5C /* Resources */ = {
			isa = PBXResourcesBuildPhase;
			buildActionMask = 2147483647;
			files = (
				501217271965921E002EFB5C /* InfoPlist.strings in Resources */,
			);
			runOnlyForDeploymentPostprocessing = 0;
		};
/* End PBXResourcesBuildPhase section */

/* Begin PBXSourcesBuildPhase section */
		501216FC1965921E002EFB5C /* Sources */ = {
			isa = PBXSourcesBuildPhase;
			buildActionMask = 2147483647;
			files = (
				5012173A196597EF002EFB5C /* GESlider.m in Sources */,
				501217141965921E002EFB5C /* GEAppDelegate.m in Sources */,
				5012173519659284002EFB5C /* GETestViewController.m in Sources */,
				5012173F19659AB0002EFB5C /* GERectHelpers.m in Sources */,
				5095CB22196AE8AB008768DB /* GELabelWithPadding.m in Sources */,
				501217101965921E002EFB5C /* main.m in Sources */,
			);
			runOnlyForDeploymentPostprocessing = 0;
		};
		501217171965921E002EFB5C /* Sources */ = {
			isa = PBXSourcesBuildPhase;
			buildActionMask = 2147483647;
			files = (
				501217291965921E002EFB5C /* SliderTests.m in Sources */,
			);
			runOnlyForDeploymentPostprocessing = 0;
		};
/* End PBXSourcesBuildPhase section */

/* Begin PBXTargetDependency section */
		501217211965921E002EFB5C /* PBXTargetDependency */ = {
			isa = PBXTargetDependency;
			target = 501216FF1965921E002EFB5C /* Slider */;
			targetProxy = 501217201965921E002EFB5C /* PBXContainerItemProxy */;
		};
/* End PBXTargetDependency section */

/* Begin PBXVariantGroup section */
		5012170C1965921E002EFB5C /* InfoPlist.strings */ = {
			isa = PBXVariantGroup;
			children = (
				5012170D1965921E002EFB5C /* en */,
			);
			name = InfoPlist.strings;
			sourceTree = "<group>";
		};
		501217251965921E002EFB5C /* InfoPlist.strings */ = {
			isa = PBXVariantGroup;
			children = (
				501217261965921E002EFB5C /* en */,
			);
			name = InfoPlist.strings;
			sourceTree = "<group>";
		};
/* End PBXVariantGroup section */

/* Begin XCBuildConfiguration section */
		5012172A1965921E002EFB5C /* Debug */ = {
			isa = XCBuildConfiguration;
			buildSettings = {
				ALWAYS_SEARCH_USER_PATHS = NO;
				CLANG_CXX_LANGUAGE_STANDARD = "gnu++0x";
				CLANG_CXX_LIBRARY = "libc++";
				CLANG_ENABLE_MODULES = YES;
				CLANG_ENABLE_OBJC_ARC = YES;
				CLANG_WARN_BOOL_CONVERSION = YES;
				CLANG_WARN_CONSTANT_CONVERSION = YES;
				CLANG_WARN_DIRECT_OBJC_ISA_USAGE = YES_ERROR;
				CLANG_WARN_EMPTY_BODY = YES;
				CLANG_WARN_ENUM_CONVERSION = YES;
				CLANG_WARN_INT_CONVERSION = YES;
				CLANG_WARN_OBJC_ROOT_CLASS = YES_ERROR;
				CLANG_WARN__DUPLICATE_METHOD_MATCH = YES;
				"CODE_SIGN_IDENTITY[sdk=iphoneos*]" = "iPhone Developer";
				COPY_PHASE_STRIP = NO;
				GCC_C_LANGUAGE_STANDARD = gnu99;
				GCC_DYNAMIC_NO_PIC = NO;
				GCC_OPTIMIZATION_LEVEL = 0;
				GCC_PREPROCESSOR_DEFINITIONS = (
					"DEBUG=1",
					"$(inherited)",
				);
				GCC_SYMBOLS_PRIVATE_EXTERN = NO;
				GCC_WARN_64_TO_32_BIT_CONVERSION = YES;
				GCC_WARN_ABOUT_RETURN_TYPE = YES_ERROR;
				GCC_WARN_UNDECLARED_SELECTOR = YES;
				GCC_WARN_UNINITIALIZED_AUTOS = YES_AGGRESSIVE;
				GCC_WARN_UNUSED_FUNCTION = YES;
				GCC_WARN_UNUSED_VARIABLE = YES;
				IPHONEOS_DEPLOYMENT_TARGET = 7.1;
				ONLY_ACTIVE_ARCH = YES;
				SDKROOT = iphoneos;
			};
			name = Debug;
		};
		5012172B1965921E002EFB5C /* Release */ = {
			isa = XCBuildConfiguration;
			buildSettings = {
				ALWAYS_SEARCH_USER_PATHS = NO;
				CLANG_CXX_LANGUAGE_STANDARD = "gnu++0x";
				CLANG_CXX_LIBRARY = "libc++";
				CLANG_ENABLE_MODULES = YES;
				CLANG_ENABLE_OBJC_ARC = YES;
				CLANG_WARN_BOOL_CONVERSION = YES;
				CLANG_WARN_CONSTANT_CONVERSION = YES;
				CLANG_WARN_DIRECT_OBJC_ISA_USAGE = YES_ERROR;
				CLANG_WARN_EMPTY_BODY = YES;
				CLANG_WARN_ENUM_CONVERSION = YES;
				CLANG_WARN_INT_CONVERSION = YES;
				CLANG_WARN_OBJC_ROOT_CLASS = YES_ERROR;
				CLANG_WARN__DUPLICATE_METHOD_MATCH = YES;
				"CODE_SIGN_IDENTITY[sdk=iphoneos*]" = "iPhone Developer";
				COPY_PHASE_STRIP = YES;
				ENABLE_NS_ASSERTIONS = NO;
				GCC_C_LANGUAGE_STANDARD = gnu99;
				GCC_WARN_64_TO_32_BIT_CONVERSION = YES;
				GCC_WARN_ABOUT_RETURN_TYPE = YES_ERROR;
				GCC_WARN_UNDECLARED_SELECTOR = YES;
				GCC_WARN_UNINITIALIZED_AUTOS = YES_AGGRESSIVE;
				GCC_WARN_UNUSED_FUNCTION = YES;
				GCC_WARN_UNUSED_VARIABLE = YES;
				IPHONEOS_DEPLOYMENT_TARGET = 7.1;
				SDKROOT = iphoneos;
				VALIDATE_PRODUCT = YES;
			};
			name = Release;
		};
		5012172D1965921E002EFB5C /* Debug */ = {
			isa = XCBuildConfiguration;
			buildSettings = {
				ASSETCATALOG_COMPILER_APPICON_NAME = AppIcon;
				ASSETCATALOG_COMPILER_LAUNCHIMAGE_NAME = LaunchImage;
				GCC_PRECOMPILE_PREFIX_HEADER = YES;
				GCC_PREFIX_HEADER = "Slider/Slider-Prefix.pch";
				INFOPLIST_FILE = "Slider/Slider-Info.plist";
				PRODUCT_NAME = "$(TARGET_NAME)";
				WRAPPER_EXTENSION = app;
			};
			name = Debug;
		};
		5012172E1965921E002EFB5C /* Release */ = {
			isa = XCBuildConfiguration;
			buildSettings = {
				ASSETCATALOG_COMPILER_APPICON_NAME = AppIcon;
				ASSETCATALOG_COMPILER_LAUNCHIMAGE_NAME = LaunchImage;
				GCC_PRECOMPILE_PREFIX_HEADER = YES;
				GCC_PREFIX_HEADER = "Slider/Slider-Prefix.pch";
				INFOPLIST_FILE = "Slider/Slider-Info.plist";
				PRODUCT_NAME = "$(TARGET_NAME)";
				WRAPPER_EXTENSION = app;
			};
			name = Release;
		};
		501217301965921E002EFB5C /* Debug */ = {
			isa = XCBuildConfiguration;
			buildSettings = {
				BUNDLE_LOADER = "$(BUILT_PRODUCTS_DIR)/Slider.app/Slider";
				FRAMEWORK_SEARCH_PATHS = (
					"$(SDKROOT)/Developer/Library/Frameworks",
					"$(inherited)",
					"$(DEVELOPER_FRAMEWORKS_DIR)",
				);
				GCC_PRECOMPILE_PREFIX_HEADER = YES;
				GCC_PREFIX_HEADER = "Slider/Slider-Prefix.pch";
				GCC_PREPROCESSOR_DEFINITIONS = (
					"DEBUG=1",
					"$(inherited)",
				);
				INFOPLIST_FILE = "SliderTests/SliderTests-Info.plist";
				PRODUCT_NAME = "$(TARGET_NAME)";
				TEST_HOST = "$(BUNDLE_LOADER)";
				WRAPPER_EXTENSION = xctest;
			};
			name = Debug;
		};
		501217311965921E002EFB5C /* Release */ = {
			isa = XCBuildConfiguration;
			buildSettings = {
				BUNDLE_LOADER = "$(BUILT_PRODUCTS_DIR)/Slider.app/Slider";
				FRAMEWORK_SEARCH_PATHS = (
					"$(SDKROOT)/Developer/Library/Frameworks",
					"$(inherited)",
					"$(DEVELOPER_FRAMEWORKS_DIR)",
				);
				GCC_PRECOMPILE_PREFIX_HEADER = YES;
				GCC_PREFIX_HEADER = "Slider/Slider-Prefix.pch";
				INFOPLIST_FILE = "SliderTests/SliderTests-Info.plist";
				PRODUCT_NAME = "$(TARGET_NAME)";
				TEST_HOST = "$(BUNDLE_LOADER)";
				WRAPPER_EXTENSION = xctest;
			};
			name = Release;
		};
/* End XCBuildConfiguration section */

/* Begin XCConfigurationList section */
		501216FB1965921E002EFB5C /* Build configuration list for PBXProject "Slider" */ = {
			isa = XCConfigurationList;
			buildConfigurations = (
				5012172A1965921E002EFB5C /* Debug */,
				5012172B1965921E002EFB5C /* Release */,
			);
			defaultConfigurationIsVisible = 0;
			defaultConfigurationName = Release;
		};
		5012172C1965921E002EFB5C /* Build configuration list for PBXNativeTarget "Slider" */ = {
			isa = XCConfigurationList;
			buildConfigurations = (
				5012172D1965921E002EFB5C /* Debug */,
				5012172E1965921E002EFB5C /* Release */,
			);
			defaultConfigurationIsVisible = 0;
			defaultConfigurationName = Release;
		};
		5012172F1965921E002EFB5C /* Build configuration list for PBXNativeTarget "SliderTests" */ = {
			isa = XCConfigurationList;
			buildConfigurations = (
				501217301965921E002EFB5C /* Debug */,
				501217311965921E002EFB5C /* Release */,
			);
			defaultConfigurationIsVisible = 0;
			defaultConfigurationName = Release;
		};
/* End XCConfigurationList section */
	};
	rootObject = 501216F81965921E002EFB5C /* Project object */;
}
